
Microsoft Visual Studio Solution File, Format Version 12.00
# Visual Studio Version 16
VisualStudioVersion = 16.0.30114.105
MinimumVisualStudioVersion = 10.0.40219.1
Project("{FAE04EC0-301F-11D3-BF4B-00C04F79EFBC}") = "1-PrimeiroProjeto", "1-PrimeiroProjeto\1-PrimeiroProjeto.csproj", "{E24E7660-5DEE-4A6E-B637-42132392386F}"
EndProject
Project("{FAE04EC0-301F-11D3-BF4B-00C04F79EFBC}") = "2-CriandoVariaveis", "2-CriandoVariaveis\2-CriandoVariaveis.csproj", "{8F440CFE-7A0B-48A6-B87D-55B9A672833F}"
EndProject
Project("{FAE04EC0-301F-11D3-BF4B-00C04F79EFBC}") = "3-CriandoVariaveisPontoFlutuante", "3-CriandoVariaveisPontoFlutuante\3-CriandoVariaveisPontoFlutuante.csproj", "{66FE015A-1609-4DA4-821F-714AC441DEE7}"
EndProject
Project("{FAE04EC0-301F-11D3-BF4B-00C04F79EFBC}") = "4-ConversoesTiposNumericos", "4-ConversoesTiposNumericos\4-ConversoesTiposNumericos.csproj", "{CEFD6FA2-4B06-4544-8062-8A192A3D4DD6}"
EndProject
Project("{FAE04EC0-301F-11D3-BF4B-00C04F79EFBC}") = "5-CaracteresETextos", "5-CaracteresETextos\5-CaracteresETextos.csproj", "{78E8B941-550C-4BC2-9A56-28472EE7FD50}"
EndProject
Project("{FAE04EC0-301F-11D3-BF4B-00C04F79EFBC}") = "6-AtribuicoesDeVariaveis", "6-AtribuicoesDeVariaveis\6-AtribuicoesDeVariaveis.csproj", "{5496CB02-8458-40AD-8427-64EAB286A0B2}"
EndProject
Project("{FAE04EC0-301F-11D3-BF4B-00C04F79EFBC}") = "7-Condicionais", "7-Condicionais\7-Condicionais.csproj", "{AF1F041E-A377-44A2-BF1B-1CC42789A9D6}"
EndProject
Project("{FAE04EC0-301F-11D3-BF4B-00C04F79EFBC}") = "8-Condicionais2", "8-Condicionais2\8-Condicionais2.csproj", "{6BE82F08-2005-4E93-80DC-886F40302846}"
EndProject
Project("{FAE04EC0-301F-11D3-BF4B-00C04F79EFBC}") = "9-Escopo", "9-Escopo\9-Escopo.csproj", "{274A1B58-A5A9-40AE-A079-1A06F63AF205}"
EndProject
Project("{FAE04EC0-301F-11D3-BF4B-00C04F79EFBC}") = "10-CalculoPoupanca", "10-CalculoPoupanca\10-CalculoPoupanca.csproj", "{6BE3BD61-AC07-43EF-B6BD-CE8D87D19BC5}"
EndProject
Global
	GlobalSection(SolutionConfigurationPlatforms) = preSolution
		Debug|Any CPU = Debug|Any CPU
		Release|Any CPU = Release|Any CPU
	EndGlobalSection
	GlobalSection(ProjectConfigurationPlatforms) = postSolution
		{E24E7660-5DEE-4A6E-B637-42132392386F}.Debug|Any CPU.ActiveCfg = Debug|Any CPU
		{E24E7660-5DEE-4A6E-B637-42132392386F}.Debug|Any CPU.Build.0 = Debug|Any CPU
		{E24E7660-5DEE-4A6E-B637-42132392386F}.Release|Any CPU.ActiveCfg = Release|Any CPU
		{E24E7660-5DEE-4A6E-B637-42132392386F}.Release|Any CPU.Build.0 = Release|Any CPU
		{8F440CFE-7A0B-48A6-B87D-55B9A672833F}.Debug|Any CPU.ActiveCfg = Debug|Any CPU
		{8F440CFE-7A0B-48A6-B87D-55B9A672833F}.Debug|Any CPU.Build.0 = Debug|Any CPU
		{8F440CFE-7A0B-48A6-B87D-55B9A672833F}.Release|Any CPU.ActiveCfg = Release|Any CPU
		{8F440CFE-7A0B-48A6-B87D-55B9A672833F}.Release|Any CPU.Build.0 = Release|Any CPU
		{66FE015A-1609-4DA4-821F-714AC441DEE7}.Debug|Any CPU.ActiveCfg = Debug|Any CPU
		{66FE015A-1609-4DA4-821F-714AC441DEE7}.Debug|Any CPU.Build.0 = Debug|Any CPU
		{66FE015A-1609-4DA4-821F-714AC441DEE7}.Release|Any CPU.ActiveCfg = Release|Any CPU
		{66FE015A-1609-4DA4-821F-714AC441DEE7}.Release|Any CPU.Build.0 = Release|Any CPU
		{CEFD6FA2-4B06-4544-8062-8A192A3D4DD6}.Debug|Any CPU.ActiveCfg = Debug|Any CPU
		{CEFD6FA2-4B06-4544-8062-8A192A3D4DD6}.Debug|Any CPU.Build.0 = Debug|Any CPU
		{CEFD6FA2-4B06-4544-8062-8A192A3D4DD6}.Release|Any CPU.ActiveCfg = Release|Any CPU
		{CEFD6FA2-4B06-4544-8062-8A192A3D4DD6}.Release|Any CPU.Build.0 = Release|Any CPU
		{78E8B941-550C-4BC2-9A56-28472EE7FD50}.Debug|Any CPU.ActiveCfg = Debug|Any CPU
		{78E8B941-550C-4BC2-9A56-28472EE7FD50}.Debug|Any CPU.Build.0 = Debug|Any CPU
		{78E8B941-550C-4BC2-9A56-28472EE7FD50}.Release|Any CPU.ActiveCfg = Release|Any CPU
		{78E8B941-550C-4BC2-9A56-28472EE7FD50}.Release|Any CPU.Build.0 = Release|Any CPU
		{5496CB02-8458-40AD-8427-64EAB286A0B2}.Debug|Any CPU.ActiveCfg = Debug|Any CPU
		{5496CB02-8458-40AD-8427-64EAB286A0B2}.Debug|Any CPU.Build.0 = Debug|Any CPU
		{5496CB02-8458-40AD-8427-64EAB286A0B2}.Release|Any CPU.ActiveCfg = Release|Any CPU
		{5496CB02-8458-40AD-8427-64EAB286A0B2}.Release|Any CPU.Build.0 = Release|Any CPU
		{AF1F041E-A377-44A2-BF1B-1CC42789A9D6}.Debug|Any CPU.ActiveCfg = Debug|Any CPU
		{AF1F041E-A377-44A2-BF1B-1CC42789A9D6}.Debug|Any CPU.Build.0 = Debug|Any CPU
		{AF1F041E-A377-44A2-BF1B-1CC42789A9D6}.Release|Any CPU.ActiveCfg = Release|Any CPU
		{AF1F041E-A377-44A2-BF1B-1CC42789A9D6}.Release|Any CPU.Build.0 = Release|Any CPU
		{6BE82F08-2005-4E93-80DC-886F40302846}.Debug|Any CPU.ActiveCfg = Debug|Any CPU
		{6BE82F08-2005-4E93-80DC-886F40302846}.Debug|Any CPU.Build.0 = Debug|Any CPU
		{6BE82F08-2005-4E93-80DC-886F40302846}.Release|Any CPU.ActiveCfg = Release|Any CPU
		{6BE82F08-2005-4E93-80DC-886F40302846}.Release|Any CPU.Build.0 = Release|Any CPU
		{274A1B58-A5A9-40AE-A079-1A06F63AF205}.Debug|Any CPU.ActiveCfg = Debug|Any CPU
		{274A1B58-A5A9-40AE-A079-1A06F63AF205}.Debug|Any CPU.Build.0 = Debug|Any CPU
		{274A1B58-A5A9-40AE-A079-1A06F63AF205}.Release|Any CPU.ActiveCfg = Release|Any CPU
		{274A1B58-A5A9-40AE-A079-1A06F63AF205}.Release|Any CPU.Build.0 = Release|Any CPU
		{6BE3BD61-AC07-43EF-B6BD-CE8D87D19BC5}.Debug|Any CPU.ActiveCfg = Debug|Any CPU
		{6BE3BD61-AC07-43EF-B6BD-CE8D87D19BC5}.Debug|Any CPU.Build.0 = Debug|Any CPU
		{6BE3BD61-AC07-43EF-B6BD-CE8D87D19BC5}.Release|Any CPU.ActiveCfg = Release|Any CPU
		{6BE3BD61-AC07-43EF-B6BD-CE8D87D19BC5}.Release|Any CPU.Build.0 = Release|Any CPU
	EndGlobalSection
	GlobalSection(SolutionProperties) = preSolution
		HideSolutionNode = FALSE
	EndGlobalSection
	GlobalSection(ExtensibilityGlobals) = postSolution
		SolutionGuid = {D4B1D47C-953B-4F62-A644-9F477519EA82}
	EndGlobalSection
EndGlobal
